
Microsoft Visual Studio Solution File, Format Version 12.00
# Visual Studio Version 17
VisualStudioVersion = 17.1.32319.34
MinimumVisualStudioVersion = 10.0.40219.1
Project("{FAE04EC0-301F-11D3-BF4B-00C04F79EFBC}") = "ProjectTwo", "ProjectTwo\ProjectTwo.csproj", "{1CE5208E-C3D8-4241-ADBD-C9263B2D2545}"
EndProject
Global
	GlobalSection(SolutionConfigurationPlatforms) = preSolution
		Debug|Any CPU = Debug|Any CPU
		Release|Any CPU = Release|Any CPU
	EndGlobalSection
	GlobalSection(ProjectConfigurationPlatforms) = postSolution
		{1CE5208E-C3D8-4241-ADBD-C9263B2D2545}.Debug|Any CPU.ActiveCfg = Debug|Any CPU
		{1CE5208E-C3D8-4241-ADBD-C9263B2D2545}.Debug|Any CPU.Build.0 = Debug|Any CPU
		{1CE5208E-C3D8-4241-ADBD-C9263B2D2545}.Release|Any CPU.ActiveCfg = Release|Any CPU
		{1CE5208E-C3D8-4241-ADBD-C9263B2D2545}.Release|Any CPU.Build.0 = Release|Any CPU
	EndGlobalSection
	GlobalSection(SolutionProperties) = preSolution
		HideSolutionNode = FALSE
	EndGlobalSection
	GlobalSection(ExtensibilityGlobals) = postSolution
		SolutionGuid = {63EE0DA7-D124-403A-97A0-4E8175D4BCA9}
	EndGlobalSection
EndGlobal
